
Microsoft Visual Studio Solution File, Format Version 12.00
# Visual Studio Version 17
VisualStudioVersion = 17.11.35327.3
MinimumVisualStudioVersion = 10.0.40219.1
Project("{9A19103F-16F7-4668-BE54-9A1E7A4F7556}") = "StudyCase4_VehicleMonitoring", "StudyCase4_VehicleMonitoring.csproj", "{A75FA05E-D509-4C7B-B670-3867C1BD52A7}"
EndProject
Project("{54435603-DBB4-11D2-8724-00A0C9A8B90C}") = "MyAppInstaller", "..\MyAppInstaller\MyAppInstaller.vdproj", "{9FF6768D-2221-4E91-943B-73E94174B310}"
EndProject
Global
	GlobalSection(SolutionConfigurationPlatforms) = preSolution
		Debug|Any CPU = Debug|Any CPU
		Release|Any CPU = Release|Any CPU
	EndGlobalSection
	GlobalSection(ProjectConfigurationPlatforms) = postSolution
		{A75FA05E-D509-4C7B-B670-3867C1BD52A7}.Debug|Any CPU.ActiveCfg = Debug|Any CPU
		{A75FA05E-D509-4C7B-B670-3867C1BD52A7}.Debug|Any CPU.Build.0 = Debug|Any CPU
		{A75FA05E-D509-4C7B-B670-3867C1BD52A7}.Release|Any CPU.ActiveCfg = Release|Any CPU
		{A75FA05E-D509-4C7B-B670-3867C1BD52A7}.Release|Any CPU.Build.0 = Release|Any CPU
		{9FF6768D-2221-4E91-943B-73E94174B310}.Debug|Any CPU.ActiveCfg = Debug
		{9FF6768D-2221-4E91-943B-73E94174B310}.Release|Any CPU.ActiveCfg = Release
	EndGlobalSection
	GlobalSection(SolutionProperties) = preSolution
		HideSolutionNode = FALSE
	EndGlobalSection
	GlobalSection(ExtensibilityGlobals) = postSolution
		SolutionGuid = {8337BAC9-5F5B-416D-802C-511C08891E33}
	EndGlobalSection
EndGlobal
