
Microsoft Visual Studio Solution File, Format Version 12.00
# Visual Studio Version 17
VisualStudioVersion = 17.13.35825.156 d17.13
MinimumVisualStudioVersion = 10.0.40219.1
Project("{FAE04EC0-301F-11D3-BF4B-00C04F79EFBC}") = "lat_menu_page_v3", "lat_menu_page_v3\lat_menu_page_v3.csproj", "{A9567B1B-6388-4B02-9FC1-39198040C4B7}"
EndProject
Global
	GlobalSection(SolutionConfigurationPlatforms) = preSolution
		Debug|Any CPU = Debug|Any CPU
		Release|Any CPU = Release|Any CPU
	EndGlobalSection
	GlobalSection(ProjectConfigurationPlatforms) = postSolution
		{A9567B1B-6388-4B02-9FC1-39198040C4B7}.Debug|Any CPU.ActiveCfg = Debug|Any CPU
		{A9567B1B-6388-4B02-9FC1-39198040C4B7}.Debug|Any CPU.Build.0 = Debug|Any CPU
		{A9567B1B-6388-4B02-9FC1-39198040C4B7}.Release|Any CPU.ActiveCfg = Release|Any CPU
		{A9567B1B-6388-4B02-9FC1-39198040C4B7}.Release|Any CPU.Build.0 = Release|Any CPU
	EndGlobalSection
	GlobalSection(SolutionProperties) = preSolution
		HideSolutionNode = FALSE
	EndGlobalSection
	GlobalSection(ExtensibilityGlobals) = postSolution
		SolutionGuid = {3877ADEC-5ABF-4896-9F9B-5890E83412F1}
	EndGlobalSection
EndGlobal
