
Microsoft Visual Studio Solution File, Format Version 12.00
# Visual Studio Version 17
VisualStudioVersion = 17.11.35327.3
MinimumVisualStudioVersion = 10.0.40219.1
Project("{FAE04EC0-301F-11D3-BF4B-00C04F79EFBC}") = "Latihan6_listbox", "Latihan6_listbox.csproj", "{7C20CC89-0E42-41FE-BA83-4019AD7E16F5}"
EndProject
Global
	GlobalSection(SolutionConfigurationPlatforms) = preSolution
		Debug|Any CPU = Debug|Any CPU
		Release|Any CPU = Release|Any CPU
	EndGlobalSection
	GlobalSection(ProjectConfigurationPlatforms) = postSolution
		{7C20CC89-0E42-41FE-BA83-4019AD7E16F5}.Debug|Any CPU.ActiveCfg = Debug|Any CPU
		{7C20CC89-0E42-41FE-BA83-4019AD7E16F5}.Debug|Any CPU.Build.0 = Debug|Any CPU
		{7C20CC89-0E42-41FE-BA83-4019AD7E16F5}.Release|Any CPU.ActiveCfg = Release|Any CPU
		{7C20CC89-0E42-41FE-BA83-4019AD7E16F5}.Release|Any CPU.Build.0 = Release|Any CPU
	EndGlobalSection
	GlobalSection(SolutionProperties) = preSolution
		HideSolutionNode = FALSE
	EndGlobalSection
	GlobalSection(ExtensibilityGlobals) = postSolution
		SolutionGuid = {69A6695D-3403-415B-BBB1-FD713768395B}
	EndGlobalSection
EndGlobal
