
Microsoft Visual Studio Solution File, Format Version 12.00
# Visual Studio Version 17
VisualStudioVersion = 17.11.35327.3
MinimumVisualStudioVersion = 10.0.40219.1
Project("{FAE04EC0-301F-11D3-BF4B-00C04F79EFBC}") = "Latihan8.2_constructor_oop", "Latihan8.2_constructor_oop.csproj", "{00E1E2B0-F891-4E37-B216-E3BCCDA5CA78}"
EndProject
Global
	GlobalSection(SolutionConfigurationPlatforms) = preSolution
		Debug|Any CPU = Debug|Any CPU
		Release|Any CPU = Release|Any CPU
	EndGlobalSection
	GlobalSection(ProjectConfigurationPlatforms) = postSolution
		{00E1E2B0-F891-4E37-B216-E3BCCDA5CA78}.Debug|Any CPU.ActiveCfg = Debug|Any CPU
		{00E1E2B0-F891-4E37-B216-E3BCCDA5CA78}.Debug|Any CPU.Build.0 = Debug|Any CPU
		{00E1E2B0-F891-4E37-B216-E3BCCDA5CA78}.Release|Any CPU.ActiveCfg = Release|Any CPU
		{00E1E2B0-F891-4E37-B216-E3BCCDA5CA78}.Release|Any CPU.Build.0 = Release|Any CPU
	EndGlobalSection
	GlobalSection(SolutionProperties) = preSolution
		HideSolutionNode = FALSE
	EndGlobalSection
	GlobalSection(ExtensibilityGlobals) = postSolution
		SolutionGuid = {2313CFC8-ED2A-4DED-914C-EF1FE024A713}
	EndGlobalSection
EndGlobal
