
Microsoft Visual Studio Solution File, Format Version 12.00
# Visual Studio Version 17
VisualStudioVersion = 17.11.35327.3
MinimumVisualStudioVersion = 10.0.40219.1
Project("{FAE04EC0-301F-11D3-BF4B-00C04F79EFBC}") = "Latihan4_combobox", "Latihan4_combobox.csproj", "{448BFCED-FBCD-422B-900F-A6A16C013E65}"
EndProject
Global
	GlobalSection(SolutionConfigurationPlatforms) = preSolution
		Debug|Any CPU = Debug|Any CPU
		Release|Any CPU = Release|Any CPU
	EndGlobalSection
	GlobalSection(ProjectConfigurationPlatforms) = postSolution
		{448BFCED-FBCD-422B-900F-A6A16C013E65}.Debug|Any CPU.ActiveCfg = Debug|Any CPU
		{448BFCED-FBCD-422B-900F-A6A16C013E65}.Debug|Any CPU.Build.0 = Debug|Any CPU
		{448BFCED-FBCD-422B-900F-A6A16C013E65}.Release|Any CPU.ActiveCfg = Release|Any CPU
		{448BFCED-FBCD-422B-900F-A6A16C013E65}.Release|Any CPU.Build.0 = Release|Any CPU
	EndGlobalSection
	GlobalSection(SolutionProperties) = preSolution
		HideSolutionNode = FALSE
	EndGlobalSection
	GlobalSection(ExtensibilityGlobals) = postSolution
		SolutionGuid = {74B2327C-0512-4FBB-8F77-6795ADAFC9C1}
	EndGlobalSection
EndGlobal
