
Microsoft Visual Studio Solution File, Format Version 12.00
# Visual Studio Version 17
VisualStudioVersion = 17.11.35327.3
MinimumVisualStudioVersion = 10.0.40219.1
Project("{FAE04EC0-301F-11D3-BF4B-00C04F79EFBC}") = "Latihan8_dateTimePicker", "Latihan8_dateTimePicker.csproj", "{4680A194-B997-493F-99C7-A84A1C3D43D4}"
EndProject
Global
	GlobalSection(SolutionConfigurationPlatforms) = preSolution
		Debug|Any CPU = Debug|Any CPU
		Release|Any CPU = Release|Any CPU
	EndGlobalSection
	GlobalSection(ProjectConfigurationPlatforms) = postSolution
		{4680A194-B997-493F-99C7-A84A1C3D43D4}.Debug|Any CPU.ActiveCfg = Debug|Any CPU
		{4680A194-B997-493F-99C7-A84A1C3D43D4}.Debug|Any CPU.Build.0 = Debug|Any CPU
		{4680A194-B997-493F-99C7-A84A1C3D43D4}.Release|Any CPU.ActiveCfg = Release|Any CPU
		{4680A194-B997-493F-99C7-A84A1C3D43D4}.Release|Any CPU.Build.0 = Release|Any CPU
	EndGlobalSection
	GlobalSection(SolutionProperties) = preSolution
		HideSolutionNode = FALSE
	EndGlobalSection
	GlobalSection(ExtensibilityGlobals) = postSolution
		SolutionGuid = {70C29194-B59E-4D2B-BB75-B532EE50E74F}
	EndGlobalSection
EndGlobal
