
Microsoft Visual Studio Solution File, Format Version 12.00
# Visual Studio Version 17
VisualStudioVersion = 17.11.35327.3
MinimumVisualStudioVersion = 10.0.40219.1
Project("{FAE04EC0-301F-11D3-BF4B-00C04F79EFBC}") = "StudyCase3_CrudMHS", "StudyCase3_CrudMHS.csproj", "{CDDAD859-092E-4330-BDD9-590CD6984802}"
EndProject
Global
	GlobalSection(SolutionConfigurationPlatforms) = preSolution
		Debug|Any CPU = Debug|Any CPU
		Release|Any CPU = Release|Any CPU
	EndGlobalSection
	GlobalSection(ProjectConfigurationPlatforms) = postSolution
		{CDDAD859-092E-4330-BDD9-590CD6984802}.Debug|Any CPU.ActiveCfg = Debug|Any CPU
		{CDDAD859-092E-4330-BDD9-590CD6984802}.Debug|Any CPU.Build.0 = Debug|Any CPU
		{CDDAD859-092E-4330-BDD9-590CD6984802}.Release|Any CPU.ActiveCfg = Release|Any CPU
		{CDDAD859-092E-4330-BDD9-590CD6984802}.Release|Any CPU.Build.0 = Release|Any CPU
	EndGlobalSection
	GlobalSection(SolutionProperties) = preSolution
		HideSolutionNode = FALSE
	EndGlobalSection
	GlobalSection(ExtensibilityGlobals) = postSolution
		SolutionGuid = {8F75D45F-200F-4F7E-AA11-805D7FAD51A1}
	EndGlobalSection
EndGlobal
